# THIS IS AN AUTOGENERATED FILE. DO NOT EDIT THIS FILE DIRECTLY.
# yarn lockfile v1


"@abp/aspnetcore.components.server.leptonxlitetheme@~4.2.0-rc.1":
  version "4.2.0-rc.1"
  resolved "https://www.myget.org/F/abp-nightly/npm/@abp/aspnetcore.components.server.leptonxlitetheme/-/@abp/aspnetcore.components.server.leptonxlitetheme-4.2.0-rc.1.tgz#7928dbd3502080dcc4b680dc330448bb8954ef6c"
  integrity sha1-eSjb01AggNzEtoDcMwRIu4lU72w=
  dependencies:
    "@abp/aspnetcore.components.server.theming" "~9.2.0-rc.1"

"@abp/aspnetcore.components.server.theming@~9.2.0-rc.1":
  version "9.2.0-rc.1"
  resolved "https://www.myget.org/F/abp-nightly/npm/@abp/aspnetcore.components.server.theming/-/@abp/aspnetcore.components.server.theming-9.2.0-rc.1.tgz#ff5ef2eeabb4a06ce8217cd606c3ad8dbeef81f8"
  integrity sha1-/17y7qu0oGzoIXzWBsOtjb7vgfg=
  dependencies:
    "@abp/bootstrap" "~9.2.0-rc.1"
    "@abp/font-awesome" "~9.2.0-rc.1"

"@abp/aspnetcore.mvc.ui.theme.leptonxlite@~4.2.0-rc.1":
  version "4.2.0-rc.1"
  resolved "https://www.myget.org/F/abp-nightly/npm/@abp/aspnetcore.mvc.ui.theme.leptonxlite/-/@abp/aspnetcore.mvc.ui.theme.leptonxlite-4.2.0-rc.1.tgz#76888520418389f124d4b8d9fbdd3288cb88ac88"
  integrity sha1-doiFIEGDifEk1LjZ+90yiMuIrIg=
  dependencies:
    "@abp/aspnetcore.mvc.ui.theme.shared" "~9.2.0-rc.1"

"@abp/aspnetcore.mvc.ui.theme.shared@~9.2.0-rc.1":
  version "9.2.0-rc.1"
  resolved "https://www.myget.org/F/abp-nightly/npm/@abp/aspnetcore.mvc.ui.theme.shared/-/@abp/aspnetcore.mvc.ui.theme.shared-9.2.0-rc.1.tgz#4fb738ad5a6ac85165cf3e45893615d1762d43ed"
  integrity sha1-T7c4rVpqyFFlzz5FiTYV0XYtQ+0=
  dependencies:
    "@abp/aspnetcore.mvc.ui" "~9.2.0-rc.1"
    "@abp/bootstrap" "~9.2.0-rc.1"
    "@abp/bootstrap-datepicker" "~9.2.0-rc.1"
    "@abp/bootstrap-daterangepicker" "~9.2.0-rc.1"
    "@abp/datatables.net-bs5" "~9.2.0-rc.1"
    "@abp/font-awesome" "~9.2.0-rc.1"
    "@abp/jquery-form" "~9.2.0-rc.1"
    "@abp/jquery-validation-unobtrusive" "~9.2.0-rc.1"
    "@abp/lodash" "~9.2.0-rc.1"
    "@abp/luxon" "~9.2.0-rc.1"
    "@abp/malihu-custom-scrollbar-plugin" "~9.2.0-rc.1"
    "@abp/moment" "~9.2.0-rc.1"
    "@abp/select2" "~9.2.0-rc.1"
    "@abp/sweetalert2" "~9.2.0-rc.1"
    "@abp/timeago" "~9.2.0-rc.1"

"@abp/aspnetcore.mvc.ui@~9.2.0-rc.1":
  version "9.2.0-rc.1"
  resolved "https://www.myget.org/F/abp-nightly/npm/@abp/aspnetcore.mvc.ui/-/@abp/aspnetcore.mvc.ui-9.2.0-rc.1.tgz#d2a2c5fc25444eedf2f4ea92505ba4aede86b771"
  integrity sha1-0qLF/CVETu3y9OqSUFukrt6Gt3E=
  dependencies:
    ansi-colors "^4.1.3"

"@abp/bootstrap-datepicker@~9.2.0-rc.1":
  version "9.2.0-rc.1"
  resolved "https://www.myget.org/F/abp-nightly/npm/@abp/bootstrap-datepicker/-/@abp/bootstrap-datepicker-9.2.0-rc.1.tgz#b548840efb6a9c8d9acabf828af4e95628be6cbe"
  integrity sha1-tUiEDvtqnI2ayr+CivTpVii+bL4=
  dependencies:
    bootstrap-datepicker "^1.10.0"

"@abp/bootstrap-daterangepicker@~9.2.0-rc.1":
  version "9.2.0-rc.1"
  resolved "https://www.myget.org/F/abp-nightly/npm/@abp/bootstrap-daterangepicker/-/@abp/bootstrap-daterangepicker-9.2.0-rc.1.tgz#e7174841889b80f7beddaeb84be7a0b908cc34a3"
  integrity sha1-5xdIQYibgPe+3a64S+eguQjMNKM=
  dependencies:
    bootstrap-daterangepicker "^3.1.0"

"@abp/bootstrap@~9.2.0-rc.1":
  version "9.2.0-rc.1"
  resolved "https://www.myget.org/F/abp-nightly/npm/@abp/bootstrap/-/@abp/bootstrap-9.2.0-rc.1.tgz#87c17c50a9e8f6fdb6474541aeaadf1ebb1d6b1b"
  integrity sha1-h8F8UKno9v22R0VBrqrfHrsdaxs=
  dependencies:
    "@abp/core" "~9.2.0-rc.1"
    bootstrap "^5.3.3"

"@abp/core@~9.2.0-rc.1":
  version "9.2.0-rc.1"
  resolved "https://www.myget.org/F/abp-nightly/npm/@abp/core/-/@abp/core-9.2.0-rc.1.tgz#30fb627e750f651b4d1819461e3ffeb5fc6d9011"
  integrity sha1-MPtifnUPZRtNGBlGHj/+tfxtkBE=
  dependencies:
    "@abp/utils" "~9.2.0-rc.1"

"@abp/datatables.net-bs5@~9.2.0-rc.1":
  version "9.2.0-rc.1"
  resolved "https://www.myget.org/F/abp-nightly/npm/@abp/datatables.net-bs5/-/@abp/datatables.net-bs5-9.2.0-rc.1.tgz#7d56850b6e46f744c794e40d08aeb5fd1a7543ee"
  integrity sha1-fVaFC25G90THlOQNCK61/Rp1Q+4=
  dependencies:
    "@abp/datatables.net" "~9.2.0-rc.1"
    datatables.net-bs5 "^2.1.8"

"@abp/datatables.net@~9.2.0-rc.1":
  version "9.2.0-rc.1"
  resolved "https://www.myget.org/F/abp-nightly/npm/@abp/datatables.net/-/@abp/datatables.net-9.2.0-rc.1.tgz#8d165f404e85a54a4e92887173a3d01f827ba5ef"
  integrity sha1-jRZfQE6FpUpOkohxc6PQH4J7pe8=
  dependencies:
    "@abp/jquery" "~9.2.0-rc.1"
    datatables.net "^2.1.8"

"@abp/font-awesome@~9.2.0-rc.1":
  version "9.2.0-rc.1"
  resolved "https://www.myget.org/F/abp-nightly/npm/@abp/font-awesome/-/@abp/font-awesome-9.2.0-rc.1.tgz#758b4028fa5f6d11bb675ff465fc222e3b656c01"
  integrity sha1-dYtAKPpfbRG7Z1/0ZfwiLjtlbAE=
  dependencies:
    "@abp/core" "~9.2.0-rc.1"
    "@fortawesome/fontawesome-free" "^6.6.0"

"@abp/jquery-form@~9.2.0-rc.1":
  version "9.2.0-rc.1"
  resolved "https://www.myget.org/F/abp-nightly/npm/@abp/jquery-form/-/@abp/jquery-form-9.2.0-rc.1.tgz#558bcf9da8912e0014b407018d1f0fb7ab294bf0"
  integrity sha1-VYvPnaiRLgAUtAcBjR8Pt6spS/A=
  dependencies:
    "@abp/jquery" "~9.2.0-rc.1"
    jquery-form "^4.3.0"

"@abp/jquery-validation-unobtrusive@~9.2.0-rc.1":
  version "9.2.0-rc.1"
  resolved "https://www.myget.org/F/abp-nightly/npm/@abp/jquery-validation-unobtrusive/-/@abp/jquery-validation-unobtrusive-9.2.0-rc.1.tgz#48b227ee95e0d7a12efbdfbdf1a28e3003dcdb8f"
  integrity sha1-SLIn7pXg16Eu+9+98aKOMAPc248=
  dependencies:
    "@abp/jquery-validation" "~9.2.0-rc.1"
    jquery-validation-unobtrusive "^4.0.0"

"@abp/jquery-validation@~9.2.0-rc.1":
  version "9.2.0-rc.1"
  resolved "https://www.myget.org/F/abp-nightly/npm/@abp/jquery-validation/-/@abp/jquery-validation-9.2.0-rc.1.tgz#fae0ce1e0db0af62f80836d3e982c9a79f7b1209"
  integrity sha1-+uDOHg2wr2L4CDbT6YLJp597Egk=
  dependencies:
    "@abp/jquery" "~9.2.0-rc.1"
    jquery-validation "^1.21.0"

"@abp/jquery@~9.2.0-rc.1":
  version "9.2.0-rc.1"
  resolved "https://www.myget.org/F/abp-nightly/npm/@abp/jquery/-/@abp/jquery-9.2.0-rc.1.tgz#a930c1ef6a17a831cd7d064b7cbb20d604fbc4bb"
  integrity sha1-qTDB72oXqDHNfQZLfLsg1gT7xLs=
  dependencies:
    "@abp/core" "~9.2.0-rc.1"
    jquery "~3.7.1"

"@abp/lodash@~9.2.0-rc.1":
  version "9.2.0-rc.1"
  resolved "https://www.myget.org/F/abp-nightly/npm/@abp/lodash/-/@abp/lodash-9.2.0-rc.1.tgz#0e0b455c84c6b6c52a3aaf1ccc4c704f49503ac8"
  integrity sha1-DgtFXITGtsUqOq8czExwT0lQOsg=
  dependencies:
    "@abp/core" "~9.2.0-rc.1"
    lodash "^4.17.21"

"@abp/luxon@~9.2.0-rc.1":
  version "9.2.0-rc.1"
  resolved "https://www.myget.org/F/abp-nightly/npm/@abp/luxon/-/@abp/luxon-9.2.0-rc.1.tgz#275726bf1f9ff14cdf902a7ea64213a3e7434927"
  integrity sha1-J1cmvx+f8UzfkCp+pkITo+dDSSc=
  dependencies:
    "@abp/core" "~9.2.0-rc.1"
    luxon "^3.5.0"

"@abp/malihu-custom-scrollbar-plugin@~9.2.0-rc.1":
  version "9.2.0-rc.1"
  resolved "https://www.myget.org/F/abp-nightly/npm/@abp/malihu-custom-scrollbar-plugin/-/@abp/malihu-custom-scrollbar-plugin-9.2.0-rc.1.tgz#3d4c17a9d6ace815e4bc4dc825d0020474a794f7"
  integrity sha1-PUwXqdas6BXkvE3IJdACBHSnlPc=
  dependencies:
    "@abp/core" "~9.2.0-rc.1"
    malihu-custom-scrollbar-plugin "^3.1.5"

"@abp/moment@~9.2.0-rc.1":
  version "9.2.0-rc.1"
  resolved "https://www.myget.org/F/abp-nightly/npm/@abp/moment/-/@abp/moment-9.2.0-rc.1.tgz#1604d38429f1e0484223ea4a7a3a10f1785420f4"
  integrity sha1-FgTThCnx4EhCI+pKejoQ8XhUIPQ=
  dependencies:
    moment "^2.30.1"

"@abp/select2@~9.2.0-rc.1":
  version "9.2.0-rc.1"
  resolved "https://www.myget.org/F/abp-nightly/npm/@abp/select2/-/@abp/select2-9.2.0-rc.1.tgz#6f378c9bd4a01dbe72bf41f175c964e36353ef4e"
  integrity sha1-bzeMm9SgHb5yv0Hxdclk42NT704=
  dependencies:
    "@abp/core" "~9.2.0-rc.1"
    select2 "^4.0.13"

"@abp/sweetalert2@~9.2.0-rc.1":
  version "9.2.0-rc.1"
  resolved "https://www.myget.org/F/abp-nightly/npm/@abp/sweetalert2/-/@abp/sweetalert2-9.2.0-rc.1.tgz#b70784ff038ff4d6cdc07a7ef35edd7da5dfaa23"
  integrity sha1-tweE/wOP9NbNwHp+817dfaXfqiM=
  dependencies:
    "@abp/core" "~9.2.0-rc.1"
    sweetalert2 "^11.14.1"

"@abp/timeago@~9.2.0-rc.1":
  version "9.2.0-rc.1"
  resolved "https://www.myget.org/F/abp-nightly/npm/@abp/timeago/-/@abp/timeago-9.2.0-rc.1.tgz#689fa9c9d4b0c0a239b37cd4d045dfb745f392df"
  integrity sha1-aJ+pydSwwKI5s3zU0EXft0Xzkt8=
  dependencies:
    "@abp/jquery" "~9.2.0-rc.1"
    timeago "^1.6.7"

"@abp/utils@~9.2.0-rc.1":
  version "9.2.0-rc.1"
  resolved "https://www.myget.org/F/abp-nightly/npm/@abp/utils/-/@abp/utils-9.2.0-rc.1.tgz#508d9922c842f2a76fc748574f0ae3a9954b6895"
  integrity sha1-UI2ZIshC8qdvx0hXTwrjqZVLaJU=
  dependencies:
    just-compare "^2.3.0"

"@fortawesome/fontawesome-free@^6.6.0":
  version "6.7.2"
  resolved "https://registry.yarnpkg.com/@fortawesome/fontawesome-free/-/fontawesome-free-6.7.2.tgz#8249de9b7e22fcb3ceb5e66090c30a1d5492b81a"
  integrity sha512-JUOtgFW6k9u4Y+xeIaEiLr3+cjoUPiAuLXoyKOJSia6Duzb7pq+A76P9ZdPDoAoxHdHzq6gE9/jKBGXlZT8FbA==

ansi-colors@^4.1.3:
  version "4.1.3"
  resolved "https://registry.yarnpkg.com/ansi-colors/-/ansi-colors-4.1.3.tgz#37611340eb2243e70cc604cad35d63270d48781b"
  integrity sha512-/6w/C21Pm1A7aZitlI5Ni/2J6FFQN8i1Cvz3kHABAAbw93v/NlvKdVOqz7CCWz/3iv/JplRSEEZ83XION15ovw==

bootstrap-datepicker@^1.10.0:
  version "1.10.0"
  resolved "https://registry.yarnpkg.com/bootstrap-datepicker/-/bootstrap-datepicker-1.10.0.tgz#61612bbe8bf0a69a5bce32bbcdda93ebb6ccf24a"
  integrity sha512-lWxtSYddAQOpbAO8UhYhHLcK6425eWoSjb5JDvZU3ePHEPF6A3eUr51WKaFy4PccU19JRxUG6wEU3KdhtKfvpg==
  dependencies:
    jquery ">=3.4.0 <4.0.0"

bootstrap-daterangepicker@^3.1.0:
  version "3.1.0"
  resolved "https://registry.yarnpkg.com/bootstrap-daterangepicker/-/bootstrap-daterangepicker-3.1.0.tgz#632e6fb2de4b6360c5c0a9d5f6adb9aace051fe8"
  integrity sha512-oaQZx6ZBDo/dZNyXGVi2rx5GmFXThyQLAxdtIqjtLlYVaQUfQALl5JZMJJZzyDIX7blfy4ppZPAJ10g8Ma4d/g==
  dependencies:
    jquery ">=1.10"
    moment "^2.9.0"

bootstrap@^5.3.3:
  version "5.3.5"
  resolved "https://registry.yarnpkg.com/bootstrap/-/bootstrap-5.3.5.tgz#be42cfe0d580e97ee1abb7d38ce94f5c393c9bb6"
  integrity sha512-ct1CHKtiobRimyGzmsSldEtM03E8fcEX4Tb3dGXz1V8faRwM50+vfHwTzOxB3IlKO7m+9vTH3s/3C6T2EAPeTA==

datatables.net-bs5@^2.1.8:
  version "2.2.2"
  resolved "https://registry.yarnpkg.com/datatables.net-bs5/-/datatables.net-bs5-2.2.2.tgz#2d23183f6d9892a5518be9d33ef845935d859dba"
  integrity sha512-0mAbpUf0EpnIEc0RlN6vSrSk9y/+NuReiwDpjHYY3RfzdvH6Lt0+7Q9OU5RIbYxaFxES/z60thxdrw7IUFnBhw==
  dependencies:
    datatables.net "2.2.2"
    jquery ">=1.7"

datatables.net@2.2.2, datatables.net@^2.1.8:
  version "2.2.2"
  resolved "https://registry.yarnpkg.com/datatables.net/-/datatables.net-2.2.2.tgz#de45c9ef18775499481ffdae81a8de6a10d264a0"
  integrity sha512-gfODIKE3gpgbVeZy2QGj2Dq9roO6hy00S+k1knklrqlMyAMrh1wt0Q6ryBUM7gU96U77ysbq8dYhxFdmcC/oPQ==
  dependencies:
    jquery ">=1.7"

jquery-form@^4.3.0:
  version "4.3.0"
  resolved "https://registry.yarnpkg.com/jquery-form/-/jquery-form-4.3.0.tgz#7d3961c314a1f2d15298f4af1d3943f54f4149c6"
  integrity sha512-q3uaVCEWdLOYUCI6dpNdwf/7cJFOsUgdpq6r0taxtGQ5NJSkOzofyWm4jpOuJ5YxdmL1FI5QR+q+HB63HHLGnQ==
  dependencies:
    jquery ">=1.7.2"

jquery-mousewheel@>=3.0.6:
  version "3.2.2"
  resolved "https://registry.yarnpkg.com/jquery-mousewheel/-/jquery-mousewheel-3.2.2.tgz#48c833f6260ee0c46d438a999e7d0060ec9eed0b"
  integrity sha512-JP71xTAg08ZY3hcs9ZbYUZ5i+dkSsz4yRl/zpWkAmtzc+kMs5EfPkpkINSidiLYMaR0MTo3DfFGF9WIezMsFQQ==
  dependencies:
    jquery ">=1.2.6"

jquery-validation-unobtrusive@^4.0.0:
  version "4.0.0"
  resolved "https://registry.yarnpkg.com/jquery-validation-unobtrusive/-/jquery-validation-unobtrusive-4.0.0.tgz#dfcf25a558496a2c883db6021d10f5398d15f99d"
  integrity sha512-1ervYFFv6LX/rp7ktuLnMakHNG0piNRDyROI8Ir3hL1vPIwylAehB1AY3BPrYJnzW3WmwWryZq+Bz4sazZK9iQ==
  dependencies:
    jquery "^3.6.0"
    jquery-validation ">=1.19"

jquery-validation@>=1.19, jquery-validation@^1.21.0:
  version "1.21.0"
  resolved "https://registry.yarnpkg.com/jquery-validation/-/jquery-validation-1.21.0.tgz#78fc05ab76020912a246af3661b3f54a438bca93"
  integrity sha512-xNot0rlUIgu7duMcQ5qb6MGkGL/Z1PQaRJQoZAURW9+a/2PGOUxY36o/WyNeP2T9R6jvWB8Z9lUVvvQWI/Zs5w==

jquery@>=1.10, jquery@>=1.2.6, "jquery@>=1.5.0 <4.0", jquery@>=1.7, jquery@>=1.7.2, "jquery@>=3.4.0 <4.0.0", jquery@^3.6.0, jquery@~3.7.1:
  version "3.7.1"
  resolved "https://registry.yarnpkg.com/jquery/-/jquery-3.7.1.tgz#083ef98927c9a6a74d05a6af02806566d16274de"
  integrity sha512-m4avr8yL8kmFN8psrbFFFmB/If14iN5o9nw/NgnnM+kybDJpRsAynV2BsfpTYrTRysYUdADVD7CkUUizgkpLfg==

just-compare@^2.3.0:
  version "2.3.0"
  resolved "https://registry.yarnpkg.com/just-compare/-/just-compare-2.3.0.tgz#a2adcc1d1940536263275f5a1ef1298bcacfeda7"
  integrity sha512-6shoR7HDT+fzfL3gBahx1jZG3hWLrhPAf+l7nCwahDdT9XDtosB9kIF0ZrzUp5QY8dJWfQVr5rnsPqsbvflDzg==

lodash@^4.17.21:
  version "4.17.21"
  resolved "https://registry.yarnpkg.com/lodash/-/lodash-4.17.21.tgz#679591c564c3bffaae8454cf0b3df370c3d6911c"
  integrity sha512-v2kDEe57lecTulaDIuNTPy3Ry4gLGJ6Z1O3vE1krgXZNrsQ+LFTGHVxVjcXPs17LhbZVGedAJv8XZ1tvj5FvSg==

luxon@^3.5.0:
  version "3.6.1"
  resolved "https://registry.yarnpkg.com/luxon/-/luxon-3.6.1.tgz#d283ffc4c0076cb0db7885ec6da1c49ba97e47b0"
  integrity sha512-tJLxrKJhO2ukZ5z0gyjY1zPh3Rh88Ej9P7jNrZiHMUXHae1yvI2imgOZtL1TO8TW6biMMKfTtAOoEJANgtWBMQ==

malihu-custom-scrollbar-plugin@^3.1.5:
  version "3.1.5"
  resolved "https://registry.yarnpkg.com/malihu-custom-scrollbar-plugin/-/malihu-custom-scrollbar-plugin-3.1.5.tgz#310cecc5e59415a1c29e9dfb5d2b6e01d66a29ef"
  integrity sha512-lwW3LgI+CNDMPnP4ED2la6oYxWMkCXlnhex+s2wuOLhFDFGnGmQuTQVdRK9bvDLpxs10sGlfErVufJy9ztfgJQ==
  dependencies:
    jquery-mousewheel ">=3.0.6"

moment@^2.30.1, moment@^2.9.0:
  version "2.30.1"
  resolved "https://registry.yarnpkg.com/moment/-/moment-2.30.1.tgz#f8c91c07b7a786e30c59926df530b4eac96974ae"
  integrity sha512-uEmtNhbDOrWPFS+hdjFCBfy9f2YoyzRpwcl+DqpC6taX21FzsTLQVbMV/W7PzNSX6x/bhC1zA3c2UQ5NzH6how==

select2@^4.0.13:
  version "4.0.13"
  resolved "https://registry.yarnpkg.com/select2/-/select2-4.0.13.tgz#0dbe377df3f96167c4c1626033e924372d8ef44d"
  integrity sha512-1JeB87s6oN/TDxQQYCvS5EFoQyvV6eYMZZ0AeA4tdFDYWN3BAGZ8npr17UBFddU0lgAt3H0yjX3X6/ekOj1yjw==

sweetalert2@^11.14.1:
  version "11.17.2"
  resolved "https://registry.yarnpkg.com/sweetalert2/-/sweetalert2-11.17.2.tgz#a11852713c8eea274d9e1d233522322cc63cf5be"
  integrity sha512-HKxDr1IyV3Lxr3W6sb61qm/p2epFIEdr5EKwteRFHnIg6f8nHFl2kX++DBVz16Mac+fFiU3hMpjq1L6yE2Ge5w==

timeago@^1.6.7:
  version "1.6.7"
  resolved "https://registry.yarnpkg.com/timeago/-/timeago-1.6.7.tgz#afd467c29a911e697fc22a81888c7c3022783cb5"
  integrity sha512-FikcjN98+ij0siKH4VO4dZ358PR3oDDq4Vdl1+sN9gWz1/+JXGr3uZbUShYH/hL7bMhcTpPbplJU5Tej4b4jbQ==
  dependencies:
    jquery ">=1.5.0 <4.0"
